# THIS IS AN AUTOGENERATED FILE. DO NOT EDIT THIS FILE DIRECTLY.
# yarn lockfile v1


crypto-js@^3.1.9-1:
  version "3.1.9-1"
  resolved "https://registry.yarnpkg.com/crypto-js/-/crypto-js-3.1.9-1.tgz#fda19e761fc077e01ffbfdc6e9fdfc59e8806cd8"

yarn@^1.6.0:
  version "1.6.0"
  resolved "https://registry.yarnpkg.com/yarn/-/yarn-1.6.0.tgz#9cec6f7986dc237d39ec705ce74d95155fe55d4b"